
Microsoft Visual Studio Solution File, Format Version 12.00
# Visual Studio 15
VisualStudioVersion = 15.0.28307.421
MinimumVisualStudioVersion = 10.0.40219.1
Project("{FAE04EC0-301F-11D3-BF4B-00C04F79EFBC}") = "Prs-Serve1", "Prs-Serve1\Prs-Serve1.csproj", "{9E7B2E77-BB09-4F0F-9322-07BE177CE687}"
EndProject
Global
	GlobalSection(SolutionConfigurationPlatforms) = preSolution
		Debug|Any CPU = Debug|Any CPU
		Release|Any CPU = Release|Any CPU
	EndGlobalSection
	GlobalSection(ProjectConfigurationPlatforms) = postSolution
		{9E7B2E77-BB09-4F0F-9322-07BE177CE687}.Debug|Any CPU.ActiveCfg = Debug|Any CPU
		{9E7B2E77-BB09-4F0F-9322-07BE177CE687}.Debug|Any CPU.Build.0 = Debug|Any CPU
		{9E7B2E77-BB09-4F0F-9322-07BE177CE687}.Release|Any CPU.ActiveCfg = Release|Any CPU
		{9E7B2E77-BB09-4F0F-9322-07BE177CE687}.Release|Any CPU.Build.0 = Release|Any CPU
	EndGlobalSection
	GlobalSection(SolutionProperties) = preSolution
		HideSolutionNode = FALSE
	EndGlobalSection
	GlobalSection(ExtensibilityGlobals) = postSolution
		SolutionGuid = {DFDDC7F5-A0A1-44D8-8308-02D9D1B9F65E}
	EndGlobalSection
EndGlobal
